
Microsoft Visual Studio Solution File, Format Version 12.00
# Visual Studio Version 17
VisualStudioVersion = 17.10.34916.146
MinimumVisualStudioVersion = 10.0.40219.1
Project("{FAE04EC0-301F-11D3-BF4B-00C04F79EFBC}") = "EX8_Chapter4_OOP", "EX8_Chapter4_OOP\EX8_Chapter4_OOP.csproj", "{4047C1B7-B91C-44B0-83D1-F4A109FF88A7}"
EndProject
Global
	GlobalSection(SolutionConfigurationPlatforms) = preSolution
		Debug|Any CPU = Debug|Any CPU
		Release|Any CPU = Release|Any CPU
	EndGlobalSection
	GlobalSection(ProjectConfigurationPlatforms) = postSolution
		{4047C1B7-B91C-44B0-83D1-F4A109FF88A7}.Debug|Any CPU.ActiveCfg = Debug|Any CPU
		{4047C1B7-B91C-44B0-83D1-F4A109FF88A7}.Debug|Any CPU.Build.0 = Debug|Any CPU
		{4047C1B7-B91C-44B0-83D1-F4A109FF88A7}.Release|Any CPU.ActiveCfg = Release|Any CPU
		{4047C1B7-B91C-44B0-83D1-F4A109FF88A7}.Release|Any CPU.Build.0 = Release|Any CPU
	EndGlobalSection
	GlobalSection(SolutionProperties) = preSolution
		HideSolutionNode = FALSE
	EndGlobalSection
	GlobalSection(ExtensibilityGlobals) = postSolution
		SolutionGuid = {14715C96-D29B-4BB7-8600-B2563CBEFE25}
	EndGlobalSection
EndGlobal
